
Microsoft Visual Studio Solution File, Format Version 12.00
# Visual Studio Version 17
VisualStudioVersion = 17.2.32616.157
MinimumVisualStudioVersion = 10.0.40219.1
Project("{FAE04EC0-301F-11D3-BF4B-00C04F79EFBC}") = "BookAPI", "BookAPI.csproj", "{F6406789-0E77-41DB-9A9C-7201914363CC}"
EndProject
Global
	GlobalSection(SolutionConfigurationPlatforms) = preSolution
		Debug|Any CPU = Debug|Any CPU
		Release|Any CPU = Release|Any CPU
	EndGlobalSection
	GlobalSection(ProjectConfigurationPlatforms) = postSolution
		{F6406789-0E77-41DB-9A9C-7201914363CC}.Debug|Any CPU.ActiveCfg = Debug|Any CPU
		{F6406789-0E77-41DB-9A9C-7201914363CC}.Debug|Any CPU.Build.0 = Debug|Any CPU
		{F6406789-0E77-41DB-9A9C-7201914363CC}.Release|Any CPU.ActiveCfg = Release|Any CPU
		{F6406789-0E77-41DB-9A9C-7201914363CC}.Release|Any CPU.Build.0 = Release|Any CPU
	EndGlobalSection
	GlobalSection(SolutionProperties) = preSolution
		HideSolutionNode = FALSE
	EndGlobalSection
	GlobalSection(ExtensibilityGlobals) = postSolution
		SolutionGuid = {283F799C-CF20-40A8-ACB4-7D8CBE48574A}
	EndGlobalSection
EndGlobal
